
Microsoft Visual Studio Solution File, Format Version 12.00
# Visual Studio Version 17
VisualStudioVersion = 17.4.33205.214
MinimumVisualStudioVersion = 15.0.26124.0
Project("{9A19103F-16F7-4668-BE54-9A1E7A4F7556}") = "FaceRecognition.Service", "FaceRecognition.Service\FaceRecognition.Service.csproj", "{4DA77825-7A52-47FB-8C20-7E2EDC52A327}"
EndProject
Global
	GlobalSection(SolutionConfigurationPlatforms) = preSolution
		Debug|Any CPU = Debug|Any CPU
		Release|Any CPU = Release|Any CPU
	EndGlobalSection
	GlobalSection(ProjectConfigurationPlatforms) = postSolution
		{4DA77825-7A52-47FB-8C20-7E2EDC52A327}.Debug|Any CPU.ActiveCfg = Debug|Any CPU
		{4DA77825-7A52-47FB-8C20-7E2EDC52A327}.Debug|Any CPU.Build.0 = Debug|Any CPU
		{4DA77825-7A52-47FB-8C20-7E2EDC52A327}.Release|Any CPU.ActiveCfg = Release|Any CPU
		{4DA77825-7A52-47FB-8C20-7E2EDC52A327}.Release|Any CPU.Build.0 = Release|Any CPU
	EndGlobalSection
	GlobalSection(SolutionProperties) = preSolution
		HideSolutionNode = FALSE
	EndGlobalSection
	GlobalSection(ExtensibilityGlobals) = postSolution
		SolutionGuid = {31B6F655-BE0D-48A1-A9CE-A3FBC34B1A82}
	EndGlobalSection
EndGlobal
